<?xml version="1.0" encoding="utf-8"?>
<Project ToolsVersion="4.0" xmlns="http://schemas.microsoft.com/developer/msbuild/2003">
  <ItemGroup>
    <Filter Include="Source Files">
      <UniqueIdentifier>{4FC737F1-C7A5-4376-A066-2A32D752A2FF}</UniqueIdentifier>
      <Extensions>cpp;c;cc;cxx;def;odl;idl;hpj;bat;asm;asmx</Extensions>
    </Filter>
    <Filter Include="Header Files">
      <UniqueIdentifier>{93995380-89BD-4b04-88EB-625FBE52EBFB}</UniqueIdentifier>
      <Extensions>h;hh;hpp;hxx;hm;inl;inc;xsd</Extensions>
    </Filter>
    <Filter Include="Resource Files">
      <UniqueIdentifier>{67DA6AB6-F800-4c08-8B7A-83BB121AAD01}</UniqueIdentifier>
      <Extensions>rc;ico;cur;bmp;dlg;rc2;rct;bin;rgs;gif;jpg;jpeg;jpe;resx;tiff;tif;png;wav;mfcribbon-ms</Extensions>
    </Filter>
    <Filter Include="glfw">
      <UniqueIdentifier>{422e20da-2cf0-4bda-9833-a89b7ab453a1}</UniqueIdentifier>
    </Filter>
    <Filter Include="glew">
      <UniqueIdentifier>{296e1ba9-28bc-4e0b-8d4e-413551edca96}</UniqueIdentifier>
    </Filter>
    <Filter Include="Shaders">
      <UniqueIdentifier>{0628083b-a31c-4825-822c-11b6f933e7bd}</UniqueIdentifier>
    </Filter>
    <Filter Include="Source Files\Buffer">
      <UniqueIdentifier>{94e2da6a-02dd-48d9-8f5a-3d05431945f7}</UniqueIdentifier>
    </Filter>
    <Filter Include="Source Files\Camera">
      <UniqueIdentifier>{96cdd9ea-95c1-4f32-b8bc-d172c7d1ec4f}</UniqueIdentifier>
    </Filter>
    <Filter Include="Source Files\Entity">
      <UniqueIdentifier>{2b691e2d-96c8-4621-a000-8f4660200582}</UniqueIdentifier>
    </Filter>
    <Filter Include="Source Files\Material">
      <UniqueIdentifier>{c21a433a-288f-4304-ac34-33680480b35a}</UniqueIdentifier>
    </Filter>
    <Filter Include="Source Files\Mesh">
      <UniqueIdentifier>{af7ad1cf-d2d4-473e-8bf7-3889a77ba1d2}</UniqueIdentifier>
    </Filter>
    <Filter Include="Source Files\Model">
      <UniqueIdentifier>{8d2e2f7a-4491-4831-b146-f4719b795432}</UniqueIdentifier>
    </Filter>
    <Filter Include="Source Files\Shader">
      <UniqueIdentifier>{f1675de0-8f5c-4e56-b580-f972ddac2f7e}</UniqueIdentifier>
    </Filter>
    <Filter Include="Source Files\State">
      <UniqueIdentifier>{8208752e-18d9-4bbf-a3dc-2aa90a56ef35}</UniqueIdentifier>
    </Filter>
    <Filter Include="Source Files\Texture">
      <UniqueIdentifier>{386d30c4-c081-4ad4-9d57-306eeb924512}</UniqueIdentifier>
    </Filter>
    <Filter Include="Source Files\Vertex">
      <UniqueIdentifier>{627d18ff-6b82-4465-a080-09a4781ab85b}</UniqueIdentifier>
    </Filter>
    <Filter Include="Source Files\World">
      <UniqueIdentifier>{2b28c1e9-7c43-46ca-8375-224ec5dc0f62}</UniqueIdentifier>
    </Filter>
    <Filter Include="Source Files\InputManager">
      <UniqueIdentifier>{23f1877b-1903-4d52-85cf-3edbde31f16f}</UniqueIdentifier>
    </Filter>
    <Filter Include="Source Files\Light">
      <UniqueIdentifier>{db964031-1675-4459-b4f9-989ecf457e0d}</UniqueIdentifier>
    </Filter>
  </ItemGroup>
  <ItemGroup>
    <ClInclude Include="..\lib\glfw\glfw3.h">
      <Filter>glfw</Filter>
    </ClInclude>
    <ClInclude Include="..\lib\glfw\glfw3native.h">
      <Filter>glfw</Filter>
    </ClInclude>
    <ClInclude Include="..\lib\glew\GL\glew.h">
      <Filter>glew</Filter>
    </ClInclude>
    <ClInclude Include="..\src\Buffer.h">
      <Filter>Source Files\Buffer</Filter>
    </ClInclude>
    <ClInclude Include="..\src\Camera.h">
      <Filter>Source Files\Camera</Filter>
    </ClInclude>
    <ClInclude Include="..\src\Entity.h">
      <Filter>Source Files\Entity</Filter>
    </ClInclude>
    <ClInclude Include="..\src\InputManager.h">
      <Filter>Source Files\InputManager</Filter>
    </ClInclude>
    <ClInclude Include="..\src\Material.h">
      <Filter>Source Files\Material</Filter>
    </ClInclude>
    <ClInclude Include="..\src\Mesh.h">
      <Filter>Source Files\Mesh</Filter>
    </ClInclude>
    <ClInclude Include="..\src\Model.h">
      <Filter>Source Files\Model</Filter>
    </ClInclude>
    <ClInclude Include="..\src\Shader.h">
      <Filter>Source Files\Shader</Filter>
    </ClInclude>
    <ClInclude Include="..\src\State.h">
      <Filter>Source Files\State</Filter>
    </ClInclude>
    <ClInclude Include="..\src\Texture.h">
      <Filter>Source Files\Texture</Filter>
    </ClInclude>
    <ClInclude Include="..\src\Vertex.h">
      <Filter>Source Files\Vertex</Filter>
    </ClInclude>
    <ClInclude Include="..\src\World.h">
      <Filter>Source Files\World</Filter>
    </ClInclude>
    <ClInclude Include="..\src\Light.h">
      <Filter>Source Files\Light</Filter>
    </ClInclude>
  </ItemGroup>
  <ItemGroup>
    <ClCompile Include="..\src\main.cpp">
      <Filter>Source Files</Filter>
    </ClCompile>
    <ClCompile Include="..\lib\glew\glew.c">
      <Filter>glew</Filter>
    </ClCompile>
    <ClCompile Include="..\src\Buffer.cpp">
      <Filter>Source Files\Buffer</Filter>
    </ClCompile>
    <ClCompile Include="..\src\Camera.cpp">
      <Filter>Source Files\Camera</Filter>
    </ClCompile>
    <ClCompile Include="..\src\Entity.cpp">
      <Filter>Source Files\Entity</Filter>
    </ClCompile>
    <ClCompile Include="..\src\InputManager.cpp">
      <Filter>Source Files\InputManager</Filter>
    </ClCompile>
    <ClCompile Include="..\src\Material.cpp">
      <Filter>Source Files\Material</Filter>
    </ClCompile>
    <ClCompile Include="..\src\Mesh.cpp">
      <Filter>Source Files\Mesh</Filter>
    </ClCompile>
    <ClCompile Include="..\src\Model.cpp">
      <Filter>Source Files\Model</Filter>
    </ClCompile>
    <ClCompile Include="..\src\Texture.cpp">
      <Filter>Source Files\Texture</Filter>
    </ClCompile>
    <ClCompile Include="..\src\Shader.cpp">
      <Filter>Source Files\Shader</Filter>
    </ClCompile>
    <ClCompile Include="..\src\World.cpp">
      <Filter>Source Files\World</Filter>
    </ClCompile>
    <ClCompile Include="..\src\State.cpp">
      <Filter>Source Files\State</Filter>
    </ClCompile>
    <ClCompile Include="..\src\Vertex.cpp">
      <Filter>Source Files\Vertex</Filter>
    </ClCompile>
    <ClCompile Include="..\src\Light.cpp">
      <Filter>Source Files\Light</Filter>
    </ClCompile>
  </ItemGroup>
  <ItemGroup>
    <None Include="..\data\fragment.glsl">
      <Filter>Shaders</Filter>
    </None>
    <None Include="..\data\vertex.glsl">
      <Filter>Shaders</Filter>
    </None>
  </ItemGroup>
</Project>